
Microsoft Visual Studio Solution File, Format Version 12.00
# Visual Studio Version 17
VisualStudioVersion = 17.8.34408.163
MinimumVisualStudioVersion = 10.0.40219.1
Project("{8BC9CEB8-8B4A-11D0-8D11-00A0C91BC942}") = "QCV", "QCV\QCV.vcxproj", "{E77E125B-9BA3-4ADC-8E31-71FA3A907B41}"
EndProject
Global
	GlobalSection(SolutionConfigurationPlatforms) = preSolution
		Debug|x64 = Debug|x64
		Release|x64 = Release|x64
	EndGlobalSection
	GlobalSection(ProjectConfigurationPlatforms) = postSolution
		{E77E125B-9BA3-4ADC-8E31-71FA3A907B41}.Debug|x64.ActiveCfg = Debug|x64
		{E77E125B-9BA3-4ADC-8E31-71FA3A907B41}.Debug|x64.Build.0 = Debug|x64
		{E77E125B-9BA3-4ADC-8E31-71FA3A907B41}.Release|x64.ActiveCfg = Release|x64
		{E77E125B-9BA3-4ADC-8E31-71FA3A907B41}.Release|x64.Build.0 = Release|x64
	EndGlobalSection
	GlobalSection(SolutionProperties) = preSolution
		HideSolutionNode = FALSE
	EndGlobalSection
	GlobalSection(ExtensibilityGlobals) = postSolution
		SolutionGuid = {FF80A5CE-0774-43B1-9470-D6CE3C6332E1}
	EndGlobalSection
EndGlobal
